
Microsoft Visual Studio Solution File, Format Version 12.00
# Visual Studio 2012
Project("{8BC9CEB8-8B4A-11D0-8D11-00A0C91BC942}") = "VectorAdd", "VectorAdd\VectorAdd.vcxproj", "{4170E13E-B97C-449E-B306-330C263D651F}"
EndProject
Project("{FAE04EC0-301F-11D3-BF4B-00C04F79EFBC}") = "CudaDemo", "CudaDemo\CudaDemo.csproj", "{42860179-82D7-454C-96F2-49CD725A86BB}"
EndProject
Project("{8BC9CEB8-8B4A-11D0-8D11-00A0C91BC942}") = "SimpleVectorOperation", "SimpleKernel\SimpleKernel.vcxproj", "{63ACB313-C2DE-4548-A0C2-0B0698B8F3CA}"
EndProject
Project("{FAE04EC0-301F-11D3-BF4B-00C04F79EFBC}") = "ParallelProgrammingSample", "..\ParallelProgrammingSample\ParallelProgrammingSample\ParallelProgrammingSample.csproj", "{F1C2363F-8E7F-4EB6-9EB6-D7173B30326D}"
EndProject
Project("{8BC9CEB8-8B4A-11D0-8D11-00A0C91BC942}") = "MemoryUsage", "CudaTutorial\CudaTutorial.vcxproj", "{F4C9C56D-8A3E-42A8-B9CC-6176B15047F3}"
EndProject
Project("{8BC9CEB8-8B4A-11D0-8D11-00A0C91BC942}") = "ThreadsAccessSameMemoryLocations", "ThreadsAccessSameMemoryLocations\ThreadsAccessSameMemoryLocations.vcxproj", "{84FF51BD-C48D-479F-9FD5-9C5EA89D1270}"
EndProject
Project("{8BC9CEB8-8B4A-11D0-8D11-00A0C91BC942}") = "Reduce", "Reduce\Reduce.vcxproj", "{03505399-BB54-4827-A8F9-20D580D72303}"
EndProject
Project("{FAE04EC0-301F-11D3-BF4B-00C04F79EFBC}") = "SamDSPbyGPU", "SamDSPbyGPU\SamDSPbyGPU.csproj", "{EF0FA57F-8240-4AB9-A2AD-3A2BF2E28A57}"
EndProject
Project("{8BC9CEB8-8B4A-11D0-8D11-00A0C91BC942}") = "CudaDSP", "CudaDSP\CudaDSP.vcxproj", "{AED7ABF5-6E5F-4340-A9C9-4362166FC89C}"
EndProject
Project("{FAE04EC0-301F-11D3-BF4B-00C04F79EFBC}") = "SAM.Core", "..\GitSAMVer2\SAMVer2\SAM.Core\SAM.Core.csproj", "{1C025B8B-8845-44DA-9358-DA39AF83ADF9}"
EndProject
Project("{8BC9CEB8-8B4A-11D0-8D11-00A0C91BC942}") = "CuFFTColumn3DMatrix", "CuFFTColumn3DMatrix\CuFFTColumn3DMatrix.vcxproj", "{71AE59AC-6867-4FEE-8EBE-A371E6289CBB}"
EndProject
Project("{8BC9CEB8-8B4A-11D0-8D11-00A0C91BC942}") = "HilbertTransform", "CuFFTRow3DMatrix\CuFFTRow3DMatrix.vcxproj", "{2BE08653-B20D-4D28-983D-C5D12B772599}"
EndProject
Project("{8BC9CEB8-8B4A-11D0-8D11-00A0C91BC942}") = "CudaTraining", "CudaTraining\CudaTraining.vcxproj", "{FD00A38B-D420-49FA-B1A5-5820211EE1E0}"
EndProject
Project("{8BC9CEB8-8B4A-11D0-8D11-00A0C91BC942}") = "StreamFFT", "StreamFFT\StreamFFT.vcxproj", "{E89C316E-E266-43C5-ADA7-61FE944EAF40}"
EndProject
Project("{2150E333-8FDC-42A3-9474-1A3956D46DE8}") = "CSharp", "CSharp", "{00A2C459-0DA3-411F-8ABB-3EC794D463C0}"
EndProject
Project("{2150E333-8FDC-42A3-9474-1A3956D46DE8}") = "Cplusplus", "Cplusplus", "{80C70453-5536-459E-B5E1-7CE6D1AA4C3E}"
EndProject
Project("{8BC9CEB8-8B4A-11D0-8D11-00A0C91BC942}") = "StreamHilbertTransform", "StreamHilbertTransform\StreamHilbertTransform.vcxproj", "{5A554336-E67B-41CB-8FF6-A373106A0F64}"
EndProject
Global
	GlobalSection(SolutionConfigurationPlatforms) = preSolution
		Debug|Any CPU = Debug|Any CPU
		Debug|Mixed Platforms = Debug|Mixed Platforms
		Debug|x64 = Debug|x64
		Release|Any CPU = Release|Any CPU
		Release|Mixed Platforms = Release|Mixed Platforms
		Release|x64 = Release|x64
	EndGlobalSection
	GlobalSection(ProjectConfigurationPlatforms) = postSolution
		{4170E13E-B97C-449E-B306-330C263D651F}.Debug|Any CPU.ActiveCfg = Debug|x64
		{4170E13E-B97C-449E-B306-330C263D651F}.Debug|Mixed Platforms.ActiveCfg = Debug|x64
		{4170E13E-B97C-449E-B306-330C263D651F}.Debug|Mixed Platforms.Build.0 = Debug|x64
		{4170E13E-B97C-449E-B306-330C263D651F}.Debug|x64.ActiveCfg = Debug|x64
		{4170E13E-B97C-449E-B306-330C263D651F}.Debug|x64.Build.0 = Debug|x64
		{4170E13E-B97C-449E-B306-330C263D651F}.Release|Any CPU.ActiveCfg = Release|x64
		{4170E13E-B97C-449E-B306-330C263D651F}.Release|Mixed Platforms.ActiveCfg = Release|x64
		{4170E13E-B97C-449E-B306-330C263D651F}.Release|Mixed Platforms.Build.0 = Release|x64
		{4170E13E-B97C-449E-B306-330C263D651F}.Release|x64.ActiveCfg = Release|x64
		{4170E13E-B97C-449E-B306-330C263D651F}.Release|x64.Build.0 = Release|x64
		{42860179-82D7-454C-96F2-49CD725A86BB}.Debug|Any CPU.ActiveCfg = Debug|Any CPU
		{42860179-82D7-454C-96F2-49CD725A86BB}.Debug|Any CPU.Build.0 = Debug|Any CPU
		{42860179-82D7-454C-96F2-49CD725A86BB}.Debug|Mixed Platforms.ActiveCfg = Debug|Any CPU
		{42860179-82D7-454C-96F2-49CD725A86BB}.Debug|Mixed Platforms.Build.0 = Debug|Any CPU
		{42860179-82D7-454C-96F2-49CD725A86BB}.Debug|x64.ActiveCfg = Debug|Any CPU
		{42860179-82D7-454C-96F2-49CD725A86BB}.Release|Any CPU.ActiveCfg = Release|Any CPU
		{42860179-82D7-454C-96F2-49CD725A86BB}.Release|Any CPU.Build.0 = Release|Any CPU
		{42860179-82D7-454C-96F2-49CD725A86BB}.Release|Mixed Platforms.ActiveCfg = Release|Any CPU
		{42860179-82D7-454C-96F2-49CD725A86BB}.Release|Mixed Platforms.Build.0 = Release|Any CPU
		{42860179-82D7-454C-96F2-49CD725A86BB}.Release|x64.ActiveCfg = Release|Any CPU
		{63ACB313-C2DE-4548-A0C2-0B0698B8F3CA}.Debug|Any CPU.ActiveCfg = Debug|x64
		{63ACB313-C2DE-4548-A0C2-0B0698B8F3CA}.Debug|Mixed Platforms.ActiveCfg = Debug|x64
		{63ACB313-C2DE-4548-A0C2-0B0698B8F3CA}.Debug|Mixed Platforms.Build.0 = Debug|x64
		{63ACB313-C2DE-4548-A0C2-0B0698B8F3CA}.Debug|x64.ActiveCfg = Debug|x64
		{63ACB313-C2DE-4548-A0C2-0B0698B8F3CA}.Debug|x64.Build.0 = Debug|x64
		{63ACB313-C2DE-4548-A0C2-0B0698B8F3CA}.Release|Any CPU.ActiveCfg = Release|x64
		{63ACB313-C2DE-4548-A0C2-0B0698B8F3CA}.Release|Mixed Platforms.ActiveCfg = Release|x64
		{63ACB313-C2DE-4548-A0C2-0B0698B8F3CA}.Release|Mixed Platforms.Build.0 = Release|x64
		{63ACB313-C2DE-4548-A0C2-0B0698B8F3CA}.Release|x64.ActiveCfg = Release|x64
		{63ACB313-C2DE-4548-A0C2-0B0698B8F3CA}.Release|x64.Build.0 = Release|x64
		{F1C2363F-8E7F-4EB6-9EB6-D7173B30326D}.Debug|Any CPU.ActiveCfg = Debug|Any CPU
		{F1C2363F-8E7F-4EB6-9EB6-D7173B30326D}.Debug|Any CPU.Build.0 = Debug|Any CPU
		{F1C2363F-8E7F-4EB6-9EB6-D7173B30326D}.Debug|Mixed Platforms.ActiveCfg = Debug|Any CPU
		{F1C2363F-8E7F-4EB6-9EB6-D7173B30326D}.Debug|Mixed Platforms.Build.0 = Debug|Any CPU
		{F1C2363F-8E7F-4EB6-9EB6-D7173B30326D}.Debug|x64.ActiveCfg = Debug|Any CPU
		{F1C2363F-8E7F-4EB6-9EB6-D7173B30326D}.Release|Any CPU.ActiveCfg = Release|Any CPU
		{F1C2363F-8E7F-4EB6-9EB6-D7173B30326D}.Release|Any CPU.Build.0 = Release|Any CPU
		{F1C2363F-8E7F-4EB6-9EB6-D7173B30326D}.Release|Mixed Platforms.ActiveCfg = Release|Any CPU
		{F1C2363F-8E7F-4EB6-9EB6-D7173B30326D}.Release|Mixed Platforms.Build.0 = Release|Any CPU
		{F1C2363F-8E7F-4EB6-9EB6-D7173B30326D}.Release|x64.ActiveCfg = Release|Any CPU
		{F4C9C56D-8A3E-42A8-B9CC-6176B15047F3}.Debug|Any CPU.ActiveCfg = Debug|x64
		{F4C9C56D-8A3E-42A8-B9CC-6176B15047F3}.Debug|Mixed Platforms.ActiveCfg = Debug|x64
		{F4C9C56D-8A3E-42A8-B9CC-6176B15047F3}.Debug|Mixed Platforms.Build.0 = Debug|x64
		{F4C9C56D-8A3E-42A8-B9CC-6176B15047F3}.Debug|x64.ActiveCfg = Debug|x64
		{F4C9C56D-8A3E-42A8-B9CC-6176B15047F3}.Debug|x64.Build.0 = Debug|x64
		{F4C9C56D-8A3E-42A8-B9CC-6176B15047F3}.Release|Any CPU.ActiveCfg = Release|x64
		{F4C9C56D-8A3E-42A8-B9CC-6176B15047F3}.Release|Mixed Platforms.ActiveCfg = Release|x64
		{F4C9C56D-8A3E-42A8-B9CC-6176B15047F3}.Release|Mixed Platforms.Build.0 = Release|x64
		{F4C9C56D-8A3E-42A8-B9CC-6176B15047F3}.Release|x64.ActiveCfg = Release|x64
		{F4C9C56D-8A3E-42A8-B9CC-6176B15047F3}.Release|x64.Build.0 = Release|x64
		{84FF51BD-C48D-479F-9FD5-9C5EA89D1270}.Debug|Any CPU.ActiveCfg = Debug|x64
		{84FF51BD-C48D-479F-9FD5-9C5EA89D1270}.Debug|Mixed Platforms.ActiveCfg = Debug|x64
		{84FF51BD-C48D-479F-9FD5-9C5EA89D1270}.Debug|Mixed Platforms.Build.0 = Debug|x64
		{84FF51BD-C48D-479F-9FD5-9C5EA89D1270}.Debug|x64.ActiveCfg = Debug|x64
		{84FF51BD-C48D-479F-9FD5-9C5EA89D1270}.Debug|x64.Build.0 = Debug|x64
		{84FF51BD-C48D-479F-9FD5-9C5EA89D1270}.Release|Any CPU.ActiveCfg = Release|x64
		{84FF51BD-C48D-479F-9FD5-9C5EA89D1270}.Release|Mixed Platforms.ActiveCfg = Release|x64
		{84FF51BD-C48D-479F-9FD5-9C5EA89D1270}.Release|Mixed Platforms.Build.0 = Release|x64
		{84FF51BD-C48D-479F-9FD5-9C5EA89D1270}.Release|x64.ActiveCfg = Release|x64
		{84FF51BD-C48D-479F-9FD5-9C5EA89D1270}.Release|x64.Build.0 = Release|x64
		{03505399-BB54-4827-A8F9-20D580D72303}.Debug|Any CPU.ActiveCfg = Debug|x64
		{03505399-BB54-4827-A8F9-20D580D72303}.Debug|Mixed Platforms.ActiveCfg = Debug|x64
		{03505399-BB54-4827-A8F9-20D580D72303}.Debug|Mixed Platforms.Build.0 = Debug|x64
		{03505399-BB54-4827-A8F9-20D580D72303}.Debug|x64.ActiveCfg = Debug|x64
		{03505399-BB54-4827-A8F9-20D580D72303}.Debug|x64.Build.0 = Debug|x64
		{03505399-BB54-4827-A8F9-20D580D72303}.Release|Any CPU.ActiveCfg = Release|x64
		{03505399-BB54-4827-A8F9-20D580D72303}.Release|Mixed Platforms.ActiveCfg = Release|x64
		{03505399-BB54-4827-A8F9-20D580D72303}.Release|Mixed Platforms.Build.0 = Release|x64
		{03505399-BB54-4827-A8F9-20D580D72303}.Release|x64.ActiveCfg = Release|x64
		{03505399-BB54-4827-A8F9-20D580D72303}.Release|x64.Build.0 = Release|x64
		{EF0FA57F-8240-4AB9-A2AD-3A2BF2E28A57}.Debug|Any CPU.ActiveCfg = Debug|Any CPU
		{EF0FA57F-8240-4AB9-A2AD-3A2BF2E28A57}.Debug|Any CPU.Build.0 = Debug|Any CPU
		{EF0FA57F-8240-4AB9-A2AD-3A2BF2E28A57}.Debug|Mixed Platforms.ActiveCfg = Debug|Any CPU
		{EF0FA57F-8240-4AB9-A2AD-3A2BF2E28A57}.Debug|Mixed Platforms.Build.0 = Debug|Any CPU
		{EF0FA57F-8240-4AB9-A2AD-3A2BF2E28A57}.Debug|x64.ActiveCfg = Debug|Any CPU
		{EF0FA57F-8240-4AB9-A2AD-3A2BF2E28A57}.Release|Any CPU.ActiveCfg = Release|Any CPU
		{EF0FA57F-8240-4AB9-A2AD-3A2BF2E28A57}.Release|Any CPU.Build.0 = Release|Any CPU
		{EF0FA57F-8240-4AB9-A2AD-3A2BF2E28A57}.Release|Mixed Platforms.ActiveCfg = Release|Any CPU
		{EF0FA57F-8240-4AB9-A2AD-3A2BF2E28A57}.Release|Mixed Platforms.Build.0 = Release|Any CPU
		{EF0FA57F-8240-4AB9-A2AD-3A2BF2E28A57}.Release|x64.ActiveCfg = Release|Any CPU
		{AED7ABF5-6E5F-4340-A9C9-4362166FC89C}.Debug|Any CPU.ActiveCfg = Debug|x64
		{AED7ABF5-6E5F-4340-A9C9-4362166FC89C}.Debug|Mixed Platforms.ActiveCfg = Debug|x64
		{AED7ABF5-6E5F-4340-A9C9-4362166FC89C}.Debug|Mixed Platforms.Build.0 = Debug|x64
		{AED7ABF5-6E5F-4340-A9C9-4362166FC89C}.Debug|x64.ActiveCfg = Debug|x64
		{AED7ABF5-6E5F-4340-A9C9-4362166FC89C}.Debug|x64.Build.0 = Debug|x64
		{AED7ABF5-6E5F-4340-A9C9-4362166FC89C}.Release|Any CPU.ActiveCfg = Release|x64
		{AED7ABF5-6E5F-4340-A9C9-4362166FC89C}.Release|Mixed Platforms.ActiveCfg = Release|x64
		{AED7ABF5-6E5F-4340-A9C9-4362166FC89C}.Release|Mixed Platforms.Build.0 = Release|x64
		{AED7ABF5-6E5F-4340-A9C9-4362166FC89C}.Release|x64.ActiveCfg = Release|x64
		{AED7ABF5-6E5F-4340-A9C9-4362166FC89C}.Release|x64.Build.0 = Release|x64
		{1C025B8B-8845-44DA-9358-DA39AF83ADF9}.Debug|Any CPU.ActiveCfg = Debug|Any CPU
		{1C025B8B-8845-44DA-9358-DA39AF83ADF9}.Debug|Any CPU.Build.0 = Debug|Any CPU
		{1C025B8B-8845-44DA-9358-DA39AF83ADF9}.Debug|Mixed Platforms.ActiveCfg = Debug|Any CPU
		{1C025B8B-8845-44DA-9358-DA39AF83ADF9}.Debug|Mixed Platforms.Build.0 = Debug|Any CPU
		{1C025B8B-8845-44DA-9358-DA39AF83ADF9}.Debug|x64.ActiveCfg = Debug|Any CPU
		{1C025B8B-8845-44DA-9358-DA39AF83ADF9}.Release|Any CPU.ActiveCfg = Release|Any CPU
		{1C025B8B-8845-44DA-9358-DA39AF83ADF9}.Release|Any CPU.Build.0 = Release|Any CPU
		{1C025B8B-8845-44DA-9358-DA39AF83ADF9}.Release|Mixed Platforms.ActiveCfg = Release|Any CPU
		{1C025B8B-8845-44DA-9358-DA39AF83ADF9}.Release|Mixed Platforms.Build.0 = Release|Any CPU
		{1C025B8B-8845-44DA-9358-DA39AF83ADF9}.Release|x64.ActiveCfg = Release|Any CPU
		{71AE59AC-6867-4FEE-8EBE-A371E6289CBB}.Debug|Any CPU.ActiveCfg = Debug|x64
		{71AE59AC-6867-4FEE-8EBE-A371E6289CBB}.Debug|Mixed Platforms.ActiveCfg = Debug|x64
		{71AE59AC-6867-4FEE-8EBE-A371E6289CBB}.Debug|Mixed Platforms.Build.0 = Debug|x64
		{71AE59AC-6867-4FEE-8EBE-A371E6289CBB}.Debug|x64.ActiveCfg = Debug|x64
		{71AE59AC-6867-4FEE-8EBE-A371E6289CBB}.Debug|x64.Build.0 = Debug|x64
		{71AE59AC-6867-4FEE-8EBE-A371E6289CBB}.Release|Any CPU.ActiveCfg = Release|x64
		{71AE59AC-6867-4FEE-8EBE-A371E6289CBB}.Release|Mixed Platforms.ActiveCfg = Release|x64
		{71AE59AC-6867-4FEE-8EBE-A371E6289CBB}.Release|Mixed Platforms.Build.0 = Release|x64
		{71AE59AC-6867-4FEE-8EBE-A371E6289CBB}.Release|x64.ActiveCfg = Release|x64
		{71AE59AC-6867-4FEE-8EBE-A371E6289CBB}.Release|x64.Build.0 = Release|x64
		{2BE08653-B20D-4D28-983D-C5D12B772599}.Debug|Any CPU.ActiveCfg = Debug|x64
		{2BE08653-B20D-4D28-983D-C5D12B772599}.Debug|Mixed Platforms.ActiveCfg = Debug|x64
		{2BE08653-B20D-4D28-983D-C5D12B772599}.Debug|Mixed Platforms.Build.0 = Debug|x64
		{2BE08653-B20D-4D28-983D-C5D12B772599}.Debug|x64.ActiveCfg = Debug|x64
		{2BE08653-B20D-4D28-983D-C5D12B772599}.Debug|x64.Build.0 = Debug|x64
		{2BE08653-B20D-4D28-983D-C5D12B772599}.Release|Any CPU.ActiveCfg = Release|x64
		{2BE08653-B20D-4D28-983D-C5D12B772599}.Release|Mixed Platforms.ActiveCfg = Release|x64
		{2BE08653-B20D-4D28-983D-C5D12B772599}.Release|Mixed Platforms.Build.0 = Release|x64
		{2BE08653-B20D-4D28-983D-C5D12B772599}.Release|x64.ActiveCfg = Release|x64
		{2BE08653-B20D-4D28-983D-C5D12B772599}.Release|x64.Build.0 = Release|x64
		{FD00A38B-D420-49FA-B1A5-5820211EE1E0}.Debug|Any CPU.ActiveCfg = Debug|x64
		{FD00A38B-D420-49FA-B1A5-5820211EE1E0}.Debug|Mixed Platforms.ActiveCfg = Debug|x64
		{FD00A38B-D420-49FA-B1A5-5820211EE1E0}.Debug|Mixed Platforms.Build.0 = Debug|x64
		{FD00A38B-D420-49FA-B1A5-5820211EE1E0}.Debug|x64.ActiveCfg = Debug|x64
		{FD00A38B-D420-49FA-B1A5-5820211EE1E0}.Debug|x64.Build.0 = Debug|x64
		{FD00A38B-D420-49FA-B1A5-5820211EE1E0}.Release|Any CPU.ActiveCfg = Release|x64
		{FD00A38B-D420-49FA-B1A5-5820211EE1E0}.Release|Mixed Platforms.ActiveCfg = Release|x64
		{FD00A38B-D420-49FA-B1A5-5820211EE1E0}.Release|Mixed Platforms.Build.0 = Release|x64
		{FD00A38B-D420-49FA-B1A5-5820211EE1E0}.Release|x64.ActiveCfg = Release|x64
		{FD00A38B-D420-49FA-B1A5-5820211EE1E0}.Release|x64.Build.0 = Release|x64
		{E89C316E-E266-43C5-ADA7-61FE944EAF40}.Debug|Any CPU.ActiveCfg = Debug|x64
		{E89C316E-E266-43C5-ADA7-61FE944EAF40}.Debug|Mixed Platforms.ActiveCfg = Debug|x64
		{E89C316E-E266-43C5-ADA7-61FE944EAF40}.Debug|Mixed Platforms.Build.0 = Debug|x64
		{E89C316E-E266-43C5-ADA7-61FE944EAF40}.Debug|x64.ActiveCfg = Debug|x64
		{E89C316E-E266-43C5-ADA7-61FE944EAF40}.Debug|x64.Build.0 = Debug|x64
		{E89C316E-E266-43C5-ADA7-61FE944EAF40}.Release|Any CPU.ActiveCfg = Release|x64
		{E89C316E-E266-43C5-ADA7-61FE944EAF40}.Release|Mixed Platforms.ActiveCfg = Release|x64
		{E89C316E-E266-43C5-ADA7-61FE944EAF40}.Release|Mixed Platforms.Build.0 = Release|x64
		{E89C316E-E266-43C5-ADA7-61FE944EAF40}.Release|x64.ActiveCfg = Release|x64
		{E89C316E-E266-43C5-ADA7-61FE944EAF40}.Release|x64.Build.0 = Release|x64
		{5A554336-E67B-41CB-8FF6-A373106A0F64}.Debug|Any CPU.ActiveCfg = Debug|x64
		{5A554336-E67B-41CB-8FF6-A373106A0F64}.Debug|Mixed Platforms.ActiveCfg = Debug|x64
		{5A554336-E67B-41CB-8FF6-A373106A0F64}.Debug|Mixed Platforms.Build.0 = Debug|x64
		{5A554336-E67B-41CB-8FF6-A373106A0F64}.Debug|x64.ActiveCfg = Debug|x64
		{5A554336-E67B-41CB-8FF6-A373106A0F64}.Debug|x64.Build.0 = Debug|x64
		{5A554336-E67B-41CB-8FF6-A373106A0F64}.Release|Any CPU.ActiveCfg = Release|x64
		{5A554336-E67B-41CB-8FF6-A373106A0F64}.Release|Mixed Platforms.ActiveCfg = Release|x64
		{5A554336-E67B-41CB-8FF6-A373106A0F64}.Release|Mixed Platforms.Build.0 = Release|x64
		{5A554336-E67B-41CB-8FF6-A373106A0F64}.Release|x64.ActiveCfg = Release|x64
		{5A554336-E67B-41CB-8FF6-A373106A0F64}.Release|x64.Build.0 = Release|x64
	EndGlobalSection
	GlobalSection(SolutionProperties) = preSolution
		HideSolutionNode = FALSE
	EndGlobalSection
	GlobalSection(NestedProjects) = preSolution
		{42860179-82D7-454C-96F2-49CD725A86BB} = {00A2C459-0DA3-411F-8ABB-3EC794D463C0}
		{F1C2363F-8E7F-4EB6-9EB6-D7173B30326D} = {00A2C459-0DA3-411F-8ABB-3EC794D463C0}
		{1C025B8B-8845-44DA-9358-DA39AF83ADF9} = {00A2C459-0DA3-411F-8ABB-3EC794D463C0}
		{EF0FA57F-8240-4AB9-A2AD-3A2BF2E28A57} = {00A2C459-0DA3-411F-8ABB-3EC794D463C0}
		{AED7ABF5-6E5F-4340-A9C9-4362166FC89C} = {80C70453-5536-459E-B5E1-7CE6D1AA4C3E}
		{FD00A38B-D420-49FA-B1A5-5820211EE1E0} = {80C70453-5536-459E-B5E1-7CE6D1AA4C3E}
		{71AE59AC-6867-4FEE-8EBE-A371E6289CBB} = {80C70453-5536-459E-B5E1-7CE6D1AA4C3E}
		{2BE08653-B20D-4D28-983D-C5D12B772599} = {80C70453-5536-459E-B5E1-7CE6D1AA4C3E}
		{F4C9C56D-8A3E-42A8-B9CC-6176B15047F3} = {80C70453-5536-459E-B5E1-7CE6D1AA4C3E}
		{03505399-BB54-4827-A8F9-20D580D72303} = {80C70453-5536-459E-B5E1-7CE6D1AA4C3E}
		{63ACB313-C2DE-4548-A0C2-0B0698B8F3CA} = {80C70453-5536-459E-B5E1-7CE6D1AA4C3E}
		{E89C316E-E266-43C5-ADA7-61FE944EAF40} = {80C70453-5536-459E-B5E1-7CE6D1AA4C3E}
		{84FF51BD-C48D-479F-9FD5-9C5EA89D1270} = {80C70453-5536-459E-B5E1-7CE6D1AA4C3E}
		{4170E13E-B97C-449E-B306-330C263D651F} = {80C70453-5536-459E-B5E1-7CE6D1AA4C3E}
	EndGlobalSection
EndGlobal
